// !$*UTF8*$!
{
	archiveVersion = 1;
	classes = {
	};
	objectVersion = 46;
	objects = {

/* Begin PBXBuildFile section */
		125A5F161E34C7B400FC520C /* BSTTests.swift in Sources */ = {isa = PBXBuildFile; fileRef = 125A5F151E34C7B400FC520C /* BSTTests.swift */; };
		125A5F1C1E34CAE900FC520C /* BST.swift in Sources */ = {isa = PBXBuildFile; fileRef = 1264AA2E1E1D17A500E47004 /* BST.swift */; };
		125A5F1D1E34CAE900FC520C /* Node.swift in Sources */ = {isa = PBXBuildFile; fileRef = 1264AA301E1D1A2500E47004 /* Node.swift */; };
		1264AA281E1D178B00E47004 /* main.swift in Sources */ = {isa = PBXBuildFile; fileRef = 1264AA271E1D178B00E47004 /* main.swift */; };
		1264AA2F1E1D17A500E47004 /* BST.swift in Sources */ = {isa = PBXBuildFile; fileRef = 1264AA2E1E1D17A500E47004 /* BST.swift */; };
		1264AA311E1D1A2500E47004 /* Node.swift in Sources */ = {isa = PBXBuildFile; fileRef = 1264AA301E1D1A2500E47004 /* Node.swift */; };
/* End PBXBuildFile section */

/* Begin PBXCopyFilesBuildPhase section */
		1264AA221E1D178B00E47004 /* CopyFiles */ = {
			isa = PBXCopyFilesBuildPhase;
			buildActionMask = 2147483647;
			dstPath = /usr/share/man/man1/;
			dstSubfolderSpec = 0;
			files = (
			);
			runOnlyForDeploymentPostprocessing = 1;
		};
/* End PBXCopyFilesBuildPhase section */

/* Begin PBXFileReference section */
		125A5F131E34C7B400FC520C /* BSTTests.xctest */ = {isa = PBXFileReference; explicitFileType = wrapper.cfbundle; includeInIndex = 0; path = BSTTests.xctest; sourceTree = BUILT_PRODUCTS_DIR; };
		125A5F151E34C7B400FC520C /* BSTTests.swift */ = {isa = PBXFileReference; lastKnownFileType = sourcecode.swift; path = BSTTests.swift; sourceTree = "<group>"; };
		125A5F171E34C7B400FC520C /* Info.plist */ = {isa = PBXFileReference; lastKnownFileType = text.plist.xml; path = Info.plist; sourceTree = "<group>"; };
		1264AA241E1D178B00E47004 /* BinarySearchTree */ = {isa = PBXFileReference; explicitFileType = "compiled.mach-o.executable"; includeInIndex = 0; path = BinarySearchTree; sourceTree = BUILT_PRODUCTS_DIR; };
		1264AA271E1D178B00E47004 /* main.swift */ = {isa = PBXFileReference; lastKnownFileType = sourcecode.swift; path = main.swift; sourceTree = "<group>"; };
		1264AA2E1E1D17A500E47004 /* BST.swift */ = {isa = PBXFileReference; fileEncoding = 4; lastKnownFileType = sourcecode.swift; path = BST.swift; sourceTree = "<group>"; };
		1264AA301E1D1A2500E47004 /* Node.swift */ = {isa = PBXFileReference; fileEncoding = 4; lastKnownFileType = sourcecode.swift; path = Node.swift; sourceTree = "<group>"; };
/* End PBXFileReference section */

/* Begin PBXFrameworksBuildPhase section */
		125A5F101E34C7B400FC520C /* Frameworks */ = {
			isa = PBXFrameworksBuildPhase;
			buildActionMask = 2147483647;
			files = (
			);
			runOnlyForDeploymentPostprocessing = 0;
		};
		1264AA211E1D178B00E47004 /* Frameworks */ = {
			isa = PBXFrameworksBuildPhase;
			buildActionMask = 2147483647;
			files = (
			);
			runOnlyForDeploymentPostprocessing = 0;
		};
/* End PBXFrameworksBuildPhase section */

/* Begin PBXGroup section */
		125A5F141E34C7B400FC520C /* BSTTests */ = {
			isa = PBXGroup;
			children = (
				125A5F151E34C7B400FC520C /* BSTTests.swift */,
				125A5F171E34C7B400FC520C /* Info.plist */,
			);
			path = BSTTests;
			sourceTree = "<group>";
		};
		1264AA1B1E1D178A00E47004 = {
			isa = PBXGroup;
			children = (
				1264AA261E1D178B00E47004 /* binary-search-tree */,
				125A5F141E34C7B400FC520C /* BSTTests */,
				1264AA251E1D178B00E47004 /* Products */,
			);
			sourceTree = "<group>";
		};
		1264AA251E1D178B00E47004 /* Products */ = {
			isa = PBXGroup;
			children = (
				1264AA241E1D178B00E47004 /* BinarySearchTree */,
				125A5F131E34C7B400FC520C /* BSTTests.xctest */,
			);
			name = Products;
			sourceTree = "<group>";
		};
		1264AA261E1D178B00E47004 /* binary-search-tree */ = {
			isa = PBXGroup;
			children = (
				1264AA271E1D178B00E47004 /* main.swift */,
				1264AA2E1E1D17A500E47004 /* BST.swift */,
				1264AA301E1D1A2500E47004 /* Node.swift */,
			);
			path = "binary-search-tree";
			sourceTree = "<group>";
		};
/* End PBXGroup section */

/* Begin PBXNativeTarget section */
		125A5F121E34C7B400FC520C /* BSTTests */ = {
			isa = PBXNativeTarget;
			buildConfigurationList = 125A5F181E34C7B400FC520C /* Build configuration list for PBXNativeTarget "BSTTests" */;
			buildPhases = (
				125A5F0F1E34C7B400FC520C /* Sources */,
				125A5F101E34C7B400FC520C /* Frameworks */,
				125A5F111E34C7B400FC520C /* Resources */,
			);
			buildRules = (
			);
			dependencies = (
			);
			name = BSTTests;
			productName = BSTTests;
			productReference = 125A5F131E34C7B400FC520C /* BSTTests.xctest */;
			productType = "com.apple.product-type.bundle.unit-test";
		};
		1264AA231E1D178B00E47004 /* BinarySearchTree */ = {
			isa = PBXNativeTarget;
			buildConfigurationList = 1264AA2B1E1D178B00E47004 /* Build configuration list for PBXNativeTarget "BinarySearchTree" */;
			buildPhases = (
				1264AA201E1D178B00E47004 /* Sources */,
				1264AA211E1D178B00E47004 /* Frameworks */,
				1264AA221E1D178B00E47004 /* CopyFiles */,
			);
			buildRules = (
			);
			dependencies = (
			);
			name = BinarySearchTree;
			productName = "binary-search-tree";
			productReference = 1264AA241E1D178B00E47004 /* BinarySearchTree */;
			productType = "com.apple.product-type.tool";
		};
/* End PBXNativeTarget section */

/* Begin PBXProject section */
		1264AA1C1E1D178A00E47004 /* Project object */ = {
			isa = PBXProject;
			attributes = {
				LastSwiftUpdateCheck = 0820;
				LastUpgradeCheck = 0820;
				ORGANIZATIONNAME = "Vadim Dez";
				TargetAttributes = {
					125A5F121E34C7B400FC520C = {
						CreatedOnToolsVersion = 8.2.1;
						DevelopmentTeam = X2Y38H8PPB;
						ProvisioningStyle = Automatic;
					};
					1264AA231E1D178B00E47004 = {
						CreatedOnToolsVersion = 8.2.1;
						DevelopmentTeam = X2Y38H8PPB;
						ProvisioningStyle = Automatic;
					};
				};
			};
			buildConfigurationList = 1264AA1F1E1D178A00E47004 /* Build configuration list for PBXProject "BinarySearchTree" */;
			compatibilityVersion = "Xcode 3.2";
			developmentRegion = English;
			hasScannedForEncodings = 0;
			knownRegions = (
				en,
			);
			mainGroup = 1264AA1B1E1D178A00E47004;
			productRefGroup = 1264AA251E1D178B00E47004 /* Products */;
			projectDirPath = "";
			projectRoot = "";
			targets = (
				1264AA231E1D178B00E47004 /* BinarySearchTree */,
				125A5F121E34C7B400FC520C /* BSTTests */,
			);
		};
/* End PBXProject section */

/* Begin PBXResourcesBuildPhase section */
		125A5F111E34C7B400FC520C /* Resources */ = {
			isa = PBXResourcesBuildPhase;
			buildActionMask = 2147483647;
			files = (
			);
			runOnlyForDeploymentPostprocessing = 0;
		};
/* End PBXResourcesBuildPhase section */

/* Begin PBXSourcesBuildPhase section */
		125A5F0F1E34C7B400FC520C /* Sources */ = {
			isa = PBXSourcesBuildPhase;
			buildActionMask = 2147483647;
			files = (
				125A5F1C1E34CAE900FC520C /* BST.swift in Sources */,
				125A5F1D1E34CAE900FC520C /* Node.swift in Sources */,
				125A5F161E34C7B400FC520C /* BSTTests.swift in Sources */,
			);
			runOnlyForDeploymentPostprocessing = 0;
		};
		1264AA201E1D178B00E47004 /* Sources */ = {
			isa = PBXSourcesBuildPhase;
			buildActionMask = 2147483647;
			files = (
				1264AA311E1D1A2500E47004 /* Node.swift in Sources */,
				1264AA281E1D178B00E47004 /* main.swift in Sources */,
				1264AA2F1E1D17A500E47004 /* BST.swift in Sources */,
			);
			runOnlyForDeploymentPostprocessing = 0;
		};
/* End PBXSourcesBuildPhase section */

/* Begin XCBuildConfiguration section */
		125A5F191E34C7B400FC520C /* Debug */ = {
			isa = XCBuildConfiguration;
			buildSettings = {
				COMBINE_HIDPI_IMAGES = YES;
				DEVELOPMENT_TEAM = X2Y38H8PPB;
				INFOPLIST_FILE = BSTTests/Info.plist;
				LD_RUNPATH_SEARCH_PATHS = "$(inherited) @executable_path/../Frameworks @loader_path/../Frameworks";
				PRODUCT_BUNDLE_IDENTIFIER = vadimdez.BSTTests;
				PRODUCT_NAME = "$(TARGET_NAME)";
				SWIFT_ACTIVE_COMPILATION_CONDITIONS = DEBUG;
				SWIFT_VERSION = 3.0;
			};
			name = Debug;
		};
		125A5F1A1E34C7B400FC520C /* Release */ = {
			isa = XCBuildConfiguration;
			buildSettings = {
				COMBINE_HIDPI_IMAGES = YES;
				DEVELOPMENT_TEAM = X2Y38H8PPB;
				INFOPLIST_FILE = BSTTests/Info.plist;
				LD_RUNPATH_SEARCH_PATHS = "$(inherited) @executable_path/../Frameworks @loader_path/../Frameworks";
				PRODUCT_BUNDLE_IDENTIFIER = vadimdez.BSTTests;
				PRODUCT_NAME = "$(TARGET_NAME)";
				SWIFT_OPTIMIZATION_LEVEL = "-Owholemodule";
				SWIFT_VERSION = 3.0;
			};
			name = Release;
		};
		1264AA291E1D178B00E47004 /* Debug */ = {
			isa = XCBuildConfiguration;
			buildSettings = {
				ALWAYS_SEARCH_USER_PATHS = NO;
				CLANG_ANALYZER_NONNULL = YES;
				CLANG_CXX_LANGUAGE_STANDARD = "gnu++0x";
				CLANG_CXX_LIBRARY = "libc++";
				CLANG_ENABLE_MODULES = YES;
				CLANG_ENABLE_OBJC_ARC = YES;
				CLANG_WARN_BOOL_CONVERSION = YES;
				CLANG_WARN_CONSTANT_CONVERSION = YES;
				CLANG_WARN_DIRECT_OBJC_ISA_USAGE = YES_ERROR;
				CLANG_WARN_DOCUMENTATION_COMMENTS = YES;
				CLANG_WARN_EMPTY_BODY = YES;
				CLANG_WARN_ENUM_CONVERSION = YES;
				CLANG_WARN_INFINITE_RECURSION = YES;
				CLANG_WARN_INT_CONVERSION = YES;
				CLANG_WARN_OBJC_ROOT_CLASS = YES_ERROR;
				CLANG_WARN_SUSPICIOUS_MOVE = YES;
				CLANG_WARN_UNREACHABLE_CODE = YES;
				CLANG_WARN__DUPLICATE_METHOD_MATCH = YES;
				CODE_SIGN_IDENTITY = "-";
				COPY_PHASE_STRIP = NO;
				DEBUG_INFORMATION_FORMAT = dwarf;
				ENABLE_STRICT_OBJC_MSGSEND = YES;
				ENABLE_TESTABILITY = YES;
				GCC_C_LANGUAGE_STANDARD = gnu99;
				GCC_DYNAMIC_NO_PIC = NO;
				GCC_NO_COMMON_BLOCKS = YES;
				GCC_OPTIMIZATION_LEVEL = 0;
				GCC_PREPROCESSOR_DEFINITIONS = (
					"DEBUG=1",
					"$(inherited)",
				);
				GCC_WARN_64_TO_32_BIT_CONVERSION = YES;
				GCC_WARN_ABOUT_RETURN_TYPE = YES_ERROR;
				GCC_WARN_UNDECLARED_SELECTOR = YES;
				GCC_WARN_UNINITIALIZED_AUTOS = YES_AGGRESSIVE;
				GCC_WARN_UNUSED_FUNCTION = YES;
				GCC_WARN_UNUSED_VARIABLE = YES;
				MACOSX_DEPLOYMENT_TARGET = 10.12;
				MTL_ENABLE_DEBUG_INFO = YES;
				ONLY_ACTIVE_ARCH = YES;
				SDKROOT = macosx;
				SWIFT_OPTIMIZATION_LEVEL = "-Onone";
			};
			name = Debug;
		};
		1264AA2A1E1D178B00E47004 /* Release */ = {
			isa = XCBuildConfiguration;
			buildSettings = {
				ALWAYS_SEARCH_USER_PATHS = NO;
				CLANG_ANALYZER_NONNULL = YES;
				CLANG_CXX_LANGUAGE_STANDARD = "gnu++0x";
				CLANG_CXX_LIBRARY = "libc++";
				CLANG_ENABLE_MODULES = YES;
				CLANG_ENABLE_OBJC_ARC = YES;
				CLANG_WARN_BOOL_CONVERSION = YES;
				CLANG_WARN_CONSTANT_CONVERSION = YES;
				CLANG_WARN_DIRECT_OBJC_ISA_USAGE = YES_ERROR;
				CLANG_WARN_DOCUMENTATION_COMMENTS = YES;
				CLANG_WARN_EMPTY_BODY = YES;
				CLANG_WARN_ENUM_CONVERSION = YES;
				CLANG_WARN_INFINITE_RECURSION = YES;
				CLANG_WARN_INT_CONVERSION = YES;
				CLANG_WARN_OBJC_ROOT_CLASS = YES_ERROR;
				CLANG_WARN_SUSPICIOUS_MOVE = YES;
				CLANG_WARN_UNREACHABLE_CODE = YES;
				CLANG_WARN__DUPLICATE_METHOD_MATCH = YES;
				CODE_SIGN_IDENTITY = "-";
				COPY_PHASE_STRIP = NO;
				DEBUG_INFORMATION_FORMAT = "dwarf-with-dsym";
				ENABLE_NS_ASSERTIONS = NO;
				ENABLE_STRICT_OBJC_MSGSEND = YES;
				GCC_C_LANGUAGE_STANDARD = gnu99;
				GCC_NO_COMMON_BLOCKS = YES;
				GCC_WARN_64_TO_32_BIT_CONVERSION = YES;
				GCC_WARN_ABOUT_RETURN_TYPE = YES_ERROR;
				GCC_WARN_UNDECLARED_SELECTOR = YES;
				GCC_WARN_UNINITIALIZED_AUTOS = YES_AGGRESSIVE;
				GCC_WARN_UNUSED_FUNCTION = YES;
				GCC_WARN_UNUSED_VARIABLE = YES;
				MACOSX_DEPLOYMENT_TARGET = 10.12;
				MTL_ENABLE_DEBUG_INFO = NO;
				SDKROOT = macosx;
			};
			name = Release;
		};
		1264AA2C1E1D178B00E47004 /* Debug */ = {
			isa = XCBuildConfiguration;
			buildSettings = {
				DEVELOPMENT_TEAM = X2Y38H8PPB;
				PRODUCT_NAME = "$(TARGET_NAME)";
				SWIFT_VERSION = 3.0;
			};
			name = Debug;
		};
		1264AA2D1E1D178B00E47004 /* Release */ = {
			isa = XCBuildConfiguration;
			buildSettings = {
				DEVELOPMENT_TEAM = X2Y38H8PPB;
				PRODUCT_NAME = "$(TARGET_NAME)";
				SWIFT_VERSION = 3.0;
			};
			name = Release;
		};
/* End XCBuildConfiguration section */

/* Begin XCConfigurationList section */
		125A5F181E34C7B400FC520C /* Build configuration list for PBXNativeTarget "BSTTests" */ = {
			isa = XCConfigurationList;
			buildConfigurations = (
				125A5F191E34C7B400FC520C /* Debug */,
				125A5F1A1E34C7B400FC520C /* Release */,
			);
			defaultConfigurationIsVisible = 0;
			defaultConfigurationName = Release;
		};
		1264AA1F1E1D178A00E47004 /* Build configuration list for PBXProject "BinarySearchTree" */ = {
			isa = XCConfigurationList;
			buildConfigurations = (
				1264AA291E1D178B00E47004 /* Debug */,
				1264AA2A1E1D178B00E47004 /* Release */,
			);
			defaultConfigurationIsVisible = 0;
			defaultConfigurationName = Release;
		};
		1264AA2B1E1D178B00E47004 /* Build configuration list for PBXNativeTarget "BinarySearchTree" */ = {
			isa = XCConfigurationList;
			buildConfigurations = (
				1264AA2C1E1D178B00E47004 /* Debug */,
				1264AA2D1E1D178B00E47004 /* Release */,
			);
			defaultConfigurationIsVisible = 0;
			defaultConfigurationName = Release;
		};
/* End XCConfigurationList section */
	};
	rootObject = 1264AA1C1E1D178A00E47004 /* Project object */;
}
