// !$*UTF8*$!
{
	archiveVersion = 1;
	classes = {
	};
	objectVersion = 46;
	objects = {

/* Begin PBXBuildFile section */
		12F0A3F21EAD1746004F146C /* main.swift in Sources */ = {isa = PBXBuildFile; fileRef = 12F0A3F11EAD1746004F146C /* main.swift */; };
		12F0A3FF1EAD175F004F146C /* insertion_sort_test.swift in Sources */ = {isa = PBXBuildFile; fileRef = 12F0A3FE1EAD175F004F146C /* insertion_sort_test.swift */; };
		12F0A4051EAD1775004F146C /* InsertionSort.swift in Sources */ = {isa = PBXBuildFile; fileRef = 12F0A4041EAD1775004F146C /* InsertionSort.swift */; };
		12F0A4061EAD17B7004F146C /* InsertionSort.swift in Sources */ = {isa = PBXBuildFile; fileRef = 12F0A4041EAD1775004F146C /* InsertionSort.swift */; };
/* End PBXBuildFile section */

/* Begin PBXCopyFilesBuildPhase section */
		12F0A3EC1EAD1746004F146C /* CopyFiles */ = {
			isa = PBXCopyFilesBuildPhase;
			buildActionMask = 2147483647;
			dstPath = /usr/share/man/man1/;
			dstSubfolderSpec = 0;
			files = (
			);
			runOnlyForDeploymentPostprocessing = 1;
		};
/* End PBXCopyFilesBuildPhase section */

/* Begin PBXFileReference section */
		12F0A3EE1EAD1746004F146C /* insertion-sort */ = {isa = PBXFileReference; explicitFileType = "compiled.mach-o.executable"; includeInIndex = 0; path = "insertion-sort"; sourceTree = BUILT_PRODUCTS_DIR; };
		12F0A3F11EAD1746004F146C /* main.swift */ = {isa = PBXFileReference; lastKnownFileType = sourcecode.swift; path = main.swift; sourceTree = "<group>"; };
		12F0A3FC1EAD175F004F146C /* insertion-sort-test.xctest */ = {isa = PBXFileReference; explicitFileType = wrapper.cfbundle; includeInIndex = 0; path = "insertion-sort-test.xctest"; sourceTree = BUILT_PRODUCTS_DIR; };
		12F0A3FE1EAD175F004F146C /* insertion_sort_test.swift */ = {isa = PBXFileReference; lastKnownFileType = sourcecode.swift; path = insertion_sort_test.swift; sourceTree = "<group>"; };
		12F0A4001EAD175F004F146C /* Info.plist */ = {isa = PBXFileReference; lastKnownFileType = text.plist.xml; path = Info.plist; sourceTree = "<group>"; };
		12F0A4041EAD1775004F146C /* InsertionSort.swift */ = {isa = PBXFileReference; fileEncoding = 4; lastKnownFileType = sourcecode.swift; path = InsertionSort.swift; sourceTree = "<group>"; };
/* End PBXFileReference section */

/* Begin PBXFrameworksBuildPhase section */
		12F0A3EB1EAD1746004F146C /* Frameworks */ = {
			isa = PBXFrameworksBuildPhase;
			buildActionMask = 2147483647;
			files = (
			);
			runOnlyForDeploymentPostprocessing = 0;
		};
		12F0A3F91EAD175F004F146C /* Frameworks */ = {
			isa = PBXFrameworksBuildPhase;
			buildActionMask = 2147483647;
			files = (
			);
			runOnlyForDeploymentPostprocessing = 0;
		};
/* End PBXFrameworksBuildPhase section */

/* Begin PBXGroup section */
		12F0A3E51EAD1746004F146C = {
			isa = PBXGroup;
			children = (
				12F0A3F01EAD1746004F146C /* insertion-sort */,
				12F0A3FD1EAD175F004F146C /* insertion-sort-test */,
				12F0A3EF1EAD1746004F146C /* Products */,
			);
			sourceTree = "<group>";
		};
		12F0A3EF1EAD1746004F146C /* Products */ = {
			isa = PBXGroup;
			children = (
				12F0A3EE1EAD1746004F146C /* insertion-sort */,
				12F0A3FC1EAD175F004F146C /* insertion-sort-test.xctest */,
			);
			name = Products;
			sourceTree = "<group>";
		};
		12F0A3F01EAD1746004F146C /* insertion-sort */ = {
			isa = PBXGroup;
			children = (
				12F0A3F11EAD1746004F146C /* main.swift */,
				12F0A4041EAD1775004F146C /* InsertionSort.swift */,
			);
			path = "insertion-sort";
			sourceTree = "<group>";
		};
		12F0A3FD1EAD175F004F146C /* insertion-sort-test */ = {
			isa = PBXGroup;
			children = (
				12F0A3FE1EAD175F004F146C /* insertion_sort_test.swift */,
				12F0A4001EAD175F004F146C /* Info.plist */,
			);
			path = "insertion-sort-test";
			sourceTree = "<group>";
		};
/* End PBXGroup section */

/* Begin PBXNativeTarget section */
		12F0A3ED1EAD1746004F146C /* insertion-sort */ = {
			isa = PBXNativeTarget;
			buildConfigurationList = 12F0A3F51EAD1746004F146C /* Build configuration list for PBXNativeTarget "insertion-sort" */;
			buildPhases = (
				12F0A3EA1EAD1746004F146C /* Sources */,
				12F0A3EB1EAD1746004F146C /* Frameworks */,
				12F0A3EC1EAD1746004F146C /* CopyFiles */,
			);
			buildRules = (
			);
			dependencies = (
			);
			name = "insertion-sort";
			productName = "insertion-sort";
			productReference = 12F0A3EE1EAD1746004F146C /* insertion-sort */;
			productType = "com.apple.product-type.tool";
		};
		12F0A3FB1EAD175F004F146C /* insertion-sort-test */ = {
			isa = PBXNativeTarget;
			buildConfigurationList = 12F0A4011EAD175F004F146C /* Build configuration list for PBXNativeTarget "insertion-sort-test" */;
			buildPhases = (
				12F0A3F81EAD175F004F146C /* Sources */,
				12F0A3F91EAD175F004F146C /* Frameworks */,
				12F0A3FA1EAD175F004F146C /* Resources */,
			);
			buildRules = (
			);
			dependencies = (
			);
			name = "insertion-sort-test";
			productName = "insertion-sort-test";
			productReference = 12F0A3FC1EAD175F004F146C /* insertion-sort-test.xctest */;
			productType = "com.apple.product-type.bundle.unit-test";
		};
/* End PBXNativeTarget section */

/* Begin PBXProject section */
		12F0A3E61EAD1746004F146C /* Project object */ = {
			isa = PBXProject;
			attributes = {
				LastSwiftUpdateCheck = 0830;
				LastUpgradeCheck = 0830;
				ORGANIZATIONNAME = "Vadim Dez";
				TargetAttributes = {
					12F0A3ED1EAD1746004F146C = {
						CreatedOnToolsVersion = 8.3.2;
						DevelopmentTeam = X2Y38H8PPB;
						ProvisioningStyle = Automatic;
					};
					12F0A3FB1EAD175F004F146C = {
						CreatedOnToolsVersion = 8.3.2;
						DevelopmentTeam = X2Y38H8PPB;
						ProvisioningStyle = Automatic;
					};
				};
			};
			buildConfigurationList = 12F0A3E91EAD1746004F146C /* Build configuration list for PBXProject "insertion-sort" */;
			compatibilityVersion = "Xcode 3.2";
			developmentRegion = English;
			hasScannedForEncodings = 0;
			knownRegions = (
				en,
			);
			mainGroup = 12F0A3E51EAD1746004F146C;
			productRefGroup = 12F0A3EF1EAD1746004F146C /* Products */;
			projectDirPath = "";
			projectRoot = "";
			targets = (
				12F0A3ED1EAD1746004F146C /* insertion-sort */,
				12F0A3FB1EAD175F004F146C /* insertion-sort-test */,
			);
		};
/* End PBXProject section */

/* Begin PBXResourcesBuildPhase section */
		12F0A3FA1EAD175F004F146C /* Resources */ = {
			isa = PBXResourcesBuildPhase;
			buildActionMask = 2147483647;
			files = (
			);
			runOnlyForDeploymentPostprocessing = 0;
		};
/* End PBXResourcesBuildPhase section */

/* Begin PBXSourcesBuildPhase section */
		12F0A3EA1EAD1746004F146C /* Sources */ = {
			isa = PBXSourcesBuildPhase;
			buildActionMask = 2147483647;
			files = (
				12F0A3F21EAD1746004F146C /* main.swift in Sources */,
				12F0A4051EAD1775004F146C /* InsertionSort.swift in Sources */,
			);
			runOnlyForDeploymentPostprocessing = 0;
		};
		12F0A3F81EAD175F004F146C /* Sources */ = {
			isa = PBXSourcesBuildPhase;
			buildActionMask = 2147483647;
			files = (
				12F0A3FF1EAD175F004F146C /* insertion_sort_test.swift in Sources */,
				12F0A4061EAD17B7004F146C /* InsertionSort.swift in Sources */,
			);
			runOnlyForDeploymentPostprocessing = 0;
		};
/* End PBXSourcesBuildPhase section */

/* Begin XCBuildConfiguration section */
		12F0A3F31EAD1746004F146C /* Debug */ = {
			isa = XCBuildConfiguration;
			buildSettings = {
				ALWAYS_SEARCH_USER_PATHS = NO;
				CLANG_ANALYZER_NONNULL = YES;
				CLANG_ANALYZER_NUMBER_OBJECT_CONVERSION = YES_AGGRESSIVE;
				CLANG_CXX_LANGUAGE_STANDARD = "gnu++0x";
				CLANG_CXX_LIBRARY = "libc++";
				CLANG_ENABLE_MODULES = YES;
				CLANG_ENABLE_OBJC_ARC = YES;
				CLANG_WARN_BOOL_CONVERSION = YES;
				CLANG_WARN_CONSTANT_CONVERSION = YES;
				CLANG_WARN_DIRECT_OBJC_ISA_USAGE = YES_ERROR;
				CLANG_WARN_DOCUMENTATION_COMMENTS = YES;
				CLANG_WARN_EMPTY_BODY = YES;
				CLANG_WARN_ENUM_CONVERSION = YES;
				CLANG_WARN_INFINITE_RECURSION = YES;
				CLANG_WARN_INT_CONVERSION = YES;
				CLANG_WARN_OBJC_ROOT_CLASS = YES_ERROR;
				CLANG_WARN_SUSPICIOUS_MOVE = YES;
				CLANG_WARN_UNREACHABLE_CODE = YES;
				CLANG_WARN__DUPLICATE_METHOD_MATCH = YES;
				CODE_SIGN_IDENTITY = "-";
				COPY_PHASE_STRIP = NO;
				DEBUG_INFORMATION_FORMAT = dwarf;
				ENABLE_STRICT_OBJC_MSGSEND = YES;
				ENABLE_TESTABILITY = YES;
				GCC_C_LANGUAGE_STANDARD = gnu99;
				GCC_DYNAMIC_NO_PIC = NO;
				GCC_NO_COMMON_BLOCKS = YES;
				GCC_OPTIMIZATION_LEVEL = 0;
				GCC_PREPROCESSOR_DEFINITIONS = (
					"DEBUG=1",
					"$(inherited)",
				);
				GCC_WARN_64_TO_32_BIT_CONVERSION = YES;
				GCC_WARN_ABOUT_RETURN_TYPE = YES_ERROR;
				GCC_WARN_UNDECLARED_SELECTOR = YES;
				GCC_WARN_UNINITIALIZED_AUTOS = YES_AGGRESSIVE;
				GCC_WARN_UNUSED_FUNCTION = YES;
				GCC_WARN_UNUSED_VARIABLE = YES;
				MACOSX_DEPLOYMENT_TARGET = 10.12;
				MTL_ENABLE_DEBUG_INFO = YES;
				ONLY_ACTIVE_ARCH = YES;
				SDKROOT = macosx;
				SWIFT_OPTIMIZATION_LEVEL = "-Onone";
			};
			name = Debug;
		};
		12F0A3F41EAD1746004F146C /* Release */ = {
			isa = XCBuildConfiguration;
			buildSettings = {
				ALWAYS_SEARCH_USER_PATHS = NO;
				CLANG_ANALYZER_NONNULL = YES;
				CLANG_ANALYZER_NUMBER_OBJECT_CONVERSION = YES_AGGRESSIVE;
				CLANG_CXX_LANGUAGE_STANDARD = "gnu++0x";
				CLANG_CXX_LIBRARY = "libc++";
				CLANG_ENABLE_MODULES = YES;
				CLANG_ENABLE_OBJC_ARC = YES;
				CLANG_WARN_BOOL_CONVERSION = YES;
				CLANG_WARN_CONSTANT_CONVERSION = YES;
				CLANG_WARN_DIRECT_OBJC_ISA_USAGE = YES_ERROR;
				CLANG_WARN_DOCUMENTATION_COMMENTS = YES;
				CLANG_WARN_EMPTY_BODY = YES;
				CLANG_WARN_ENUM_CONVERSION = YES;
				CLANG_WARN_INFINITE_RECURSION = YES;
				CLANG_WARN_INT_CONVERSION = YES;
				CLANG_WARN_OBJC_ROOT_CLASS = YES_ERROR;
				CLANG_WARN_SUSPICIOUS_MOVE = YES;
				CLANG_WARN_UNREACHABLE_CODE = YES;
				CLANG_WARN__DUPLICATE_METHOD_MATCH = YES;
				CODE_SIGN_IDENTITY = "-";
				COPY_PHASE_STRIP = NO;
				DEBUG_INFORMATION_FORMAT = "dwarf-with-dsym";
				ENABLE_NS_ASSERTIONS = NO;
				ENABLE_STRICT_OBJC_MSGSEND = YES;
				GCC_C_LANGUAGE_STANDARD = gnu99;
				GCC_NO_COMMON_BLOCKS = YES;
				GCC_WARN_64_TO_32_BIT_CONVERSION = YES;
				GCC_WARN_ABOUT_RETURN_TYPE = YES_ERROR;
				GCC_WARN_UNDECLARED_SELECTOR = YES;
				GCC_WARN_UNINITIALIZED_AUTOS = YES_AGGRESSIVE;
				GCC_WARN_UNUSED_FUNCTION = YES;
				GCC_WARN_UNUSED_VARIABLE = YES;
				MACOSX_DEPLOYMENT_TARGET = 10.12;
				MTL_ENABLE_DEBUG_INFO = NO;
				SDKROOT = macosx;
			};
			name = Release;
		};
		12F0A3F61EAD1746004F146C /* Debug */ = {
			isa = XCBuildConfiguration;
			buildSettings = {
				DEVELOPMENT_TEAM = X2Y38H8PPB;
				PRODUCT_NAME = "$(TARGET_NAME)";
				SWIFT_VERSION = 3.0;
			};
			name = Debug;
		};
		12F0A3F71EAD1746004F146C /* Release */ = {
			isa = XCBuildConfiguration;
			buildSettings = {
				DEVELOPMENT_TEAM = X2Y38H8PPB;
				PRODUCT_NAME = "$(TARGET_NAME)";
				SWIFT_VERSION = 3.0;
			};
			name = Release;
		};
		12F0A4021EAD175F004F146C /* Debug */ = {
			isa = XCBuildConfiguration;
			buildSettings = {
				COMBINE_HIDPI_IMAGES = YES;
				DEVELOPMENT_TEAM = X2Y38H8PPB;
				INFOPLIST_FILE = "insertion-sort-test/Info.plist";
				LD_RUNPATH_SEARCH_PATHS = "$(inherited) @executable_path/../Frameworks @loader_path/../Frameworks";
				PRODUCT_BUNDLE_IDENTIFIER = "vadimdez.insertion-sort-test";
				PRODUCT_NAME = "$(TARGET_NAME)";
				SWIFT_ACTIVE_COMPILATION_CONDITIONS = DEBUG;
				SWIFT_VERSION = 3.0;
			};
			name = Debug;
		};
		12F0A4031EAD175F004F146C /* Release */ = {
			isa = XCBuildConfiguration;
			buildSettings = {
				COMBINE_HIDPI_IMAGES = YES;
				DEVELOPMENT_TEAM = X2Y38H8PPB;
				INFOPLIST_FILE = "insertion-sort-test/Info.plist";
				LD_RUNPATH_SEARCH_PATHS = "$(inherited) @executable_path/../Frameworks @loader_path/../Frameworks";
				PRODUCT_BUNDLE_IDENTIFIER = "vadimdez.insertion-sort-test";
				PRODUCT_NAME = "$(TARGET_NAME)";
				SWIFT_OPTIMIZATION_LEVEL = "-Owholemodule";
				SWIFT_VERSION = 3.0;
			};
			name = Release;
		};
/* End XCBuildConfiguration section */

/* Begin XCConfigurationList section */
		12F0A3E91EAD1746004F146C /* Build configuration list for PBXProject "insertion-sort" */ = {
			isa = XCConfigurationList;
			buildConfigurations = (
				12F0A3F31EAD1746004F146C /* Debug */,
				12F0A3F41EAD1746004F146C /* Release */,
			);
			defaultConfigurationIsVisible = 0;
			defaultConfigurationName = Release;
		};
		12F0A3F51EAD1746004F146C /* Build configuration list for PBXNativeTarget "insertion-sort" */ = {
			isa = XCConfigurationList;
			buildConfigurations = (
				12F0A3F61EAD1746004F146C /* Debug */,
				12F0A3F71EAD1746004F146C /* Release */,
			);
			defaultConfigurationIsVisible = 0;
		};
		12F0A4011EAD175F004F146C /* Build configuration list for PBXNativeTarget "insertion-sort-test" */ = {
			isa = XCConfigurationList;
			buildConfigurations = (
				12F0A4021EAD175F004F146C /* Debug */,
				12F0A4031EAD175F004F146C /* Release */,
			);
			defaultConfigurationIsVisible = 0;
		};
/* End XCConfigurationList section */
	};
	rootObject = 12F0A3E61EAD1746004F146C /* Project object */;
}
